lockfileVersion: '9.0'

settings:
  autoInstallPeers: true
  excludeLinksFromLockfile: false

importers:

  .:
    dependencies:
      '@ludlovian/debug':
        specifier: github:ludlovian/debug
        version: https://codeload.github.com/ludlovian/debug/tar.gz/52c340a997e7be86a5c1d6e3747c3e79f8caa994
      '@ludlovian/lock':
        specifier: github:ludlovian/lock
        version: https://codeload.github.com/ludlovian/lock/tar.gz/d1ca32b46e1e59cb8d7736f64a438dabc570555c
      '@lukeed/ms':
        specifier: ^2.0.2
        version: 2.0.2
      parsley:
        specifier: github:ludlovian/parsley
        version: https://codeload.github.com/ludlovian/parsley/tar.gz/6432803931c906587420e66b160dab74226e60aa
      pixutil:
        specifier: github:ludlovian/pixutil
        version: https://codeload.github.com/ludlovian/pixutil/tar.gz/016ab644da877cfc6c169f3320d40d7f7b079dc4
      timer:
        specifier: github:ludlovian/timer
        version: https://codeload.github.com/ludlovian/timer/tar.gz/22b2e247282c4275af5ff1b5dbd584c42397fdac

packages:

  '@ludlovian/debug@https://codeload.github.com/ludlovian/debug/tar.gz/52c340a997e7be86a5c1d6e3747c3e79f8caa994':
    resolution: {tarball: https://codeload.github.com/ludlovian/debug/tar.gz/52c340a997e7be86a5c1d6e3747c3e79f8caa994}
    version: 0.1.0

  '@ludlovian/lock@https://codeload.github.com/ludlovian/lock/tar.gz/d1ca32b46e1e59cb8d7736f64a438dabc570555c':
    resolution: {tarball: https://codeload.github.com/ludlovian/lock/tar.gz/d1ca32b46e1e59cb8d7736f64a438dabc570555c}
    version: 0.1.0

  '@lukeed/ms@2.0.2':
    resolution: {integrity: sha512-9I2Zn6+NJLfaGoz9jN3lpwDgAYvfGeNYdbAIjJOqzs4Tpc+VU3Jqq4IofSUBKajiDS8k9fZIg18/z13mpk1bsA==}
    engines: {node: '>=8'}

  parsley@https://codeload.github.com/ludlovian/parsley/tar.gz/6432803931c906587420e66b160dab74226e60aa:
    resolution: {tarball: https://codeload.github.com/ludlovian/parsley/tar.gz/6432803931c906587420e66b160dab74226e60aa}
    version: 1.2.1

  pixutil@https://codeload.github.com/ludlovian/pixutil/tar.gz/016ab644da877cfc6c169f3320d40d7f7b079dc4:
    resolution: {tarball: https://codeload.github.com/ludlovian/pixutil/tar.gz/016ab644da877cfc6c169f3320d40d7f7b079dc4}
    version: 1.10.1

  timer@https://codeload.github.com/ludlovian/timer/tar.gz/22b2e247282c4275af5ff1b5dbd584c42397fdac:
    resolution: {tarball: https://codeload.github.com/ludlovian/timer/tar.gz/22b2e247282c4275af5ff1b5dbd584c42397fdac}
    version: 2.0.2

snapshots:

  '@ludlovian/debug@https://codeload.github.com/ludlovian/debug/tar.gz/52c340a997e7be86a5c1d6e3747c3e79f8caa994': {}

  '@ludlovian/lock@https://codeload.github.com/ludlovian/lock/tar.gz/d1ca32b46e1e59cb8d7736f64a438dabc570555c': {}

  '@lukeed/ms@2.0.2': {}

  parsley@https://codeload.github.com/ludlovian/parsley/tar.gz/6432803931c906587420e66b160dab74226e60aa: {}

  pixutil@https://codeload.github.com/ludlovian/pixutil/tar.gz/016ab644da877cfc6c169f3320d40d7f7b079dc4: {}

  timer@https://codeload.github.com/ludlovian/timer/tar.gz/22b2e247282c4275af5ff1b5dbd584c42397fdac: {}
